Microsoft Visual Studio Solution File, Format Version 12.00
# Visual Studio Version 17
VisualStudioVersion = 17.12.35707.178
MinimumVisualStudioVersion = 10.0.40219.1
Project("{FAE04EC0-301F-11D3-BF4B-00C04F79EFBC}") = "CRM.CCaaS.IVR.GRammarImportTool.ApiService", "CRM.CCaaS.IVR.GRammarImportTool.ApiService\CRM.CCaaS.IVR.GRammarImportTool.ApiService.csproj", "{CD1BBD1C-E1BB-4BCB-A21B-AD3A6F2C0A71}"
EndProject
Project("{FAE04EC0-301F-11D3-BF4B-00C04F79EFBC}") = "CRM.CCaaS.IVR.GRammarImportTool.Tests.L1", "CRM.CCaaS.IVR.GRammarImportTool.Tests.L1\CRM.CCaaS.IVR.GRammarImportTool.Tests.L1.csproj", "{11128C71-F5ED-4535-8DF6-F689D310102A}"
EndProject
Project("{FAE04EC0-301F-11D3-BF4B-00C04F79EFBC}") = "CRM.CCaaS.IVR.GRammarImportTool.Stubs", "CRM.CCaaS.IVR.GRammarImportTool.Stubs\CRM.CCaaS.IVR.GRammarImportTool.Stubs.csproj", "{EEEF7E87-58CF-4BE9-81F0-BB3CA16F01B9}"
EndProject
Project("{FAE04EC0-301F-11D3-BF4B-00C04F79EFBC}") = "CRM.CCaaS.IVR.GRammarImportTool.Tests.L0", "CRM.CCaaS.IVR.GRammarImportTool.Tests.L0\CRM.CCaaS.IVR.GRammarImportTool.Tests.L0.csproj", "{7A904DAC-6018-47DF-9FC5-73CEA133C94B}"
EndProject
Global
	GlobalSection(SolutionConfigurationPlatforms) = preSolution
		Debug|Any CPU = Debug|Any CPU
		Release|Any CPU = Release|Any CPU
	EndGlobalSection
	GlobalSection(ProjectConfigurationPlatforms) = postSolution
		{CD1BBD1C-E1BB-4BCB-A21B-AD3A6F2C0A71}.Debug|Any CPU.ActiveCfg = Debug|Any CPU
		{CD1BBD1C-E1BB-4BCB-A21B-AD3A6F2C0A71}.Debug|Any CPU.Build.0 = Debug|Any CPU
		{CD1BBD1C-E1BB-4BCB-A21B-AD3A6F2C0A71}.Release|Any CPU.ActiveCfg = Release|Any CPU
		{CD1BBD1C-E1BB-4BCB-A21B-AD3A6F2C0A71}.Release|Any CPU.Build.0 = Release|Any CPU
		{11128C71-F5ED-4535-8DF6-F689D310102A}.Debug|Any CPU.ActiveCfg = Debug|Any CPU
		{11128C71-F5ED-4535-8DF6-F689D310102A}.Debug|Any CPU.Build.0 = Debug|Any CPU
		{11128C71-F5ED-4535-8DF6-F689D310102A}.Release|Any CPU.ActiveCfg = Release|Any CPU
		{11128C71-F5ED-4535-8DF6-F689D310102A}.Release|Any CPU.Build.0 = Release|Any CPU
		{EEEF7E87-58CF-4BE9-81F0-BB3CA16F01B9}.Debug|Any CPU.ActiveCfg = Debug|Any CPU
		{EEEF7E87-58CF-4BE9-81F0-BB3CA16F01B9}.Debug|Any CPU.Build.0 = Debug|Any CPU
		{EEEF7E87-58CF-4BE9-81F0-BB3CA16F01B9}.Release|Any CPU.ActiveCfg = Release|Any CPU
		{EEEF7E87-58CF-4BE9-81F0-BB3CA16F01B9}.Release|Any CPU.Build.0 = Release|Any CPU
		{7A904DAC-6018-47DF-9FC5-73CEA133C94B}.Debug|Any CPU.ActiveCfg = Debug|Any CPU
		{7A904DAC-6018-47DF-9FC5-73CEA133C94B}.Debug|Any CPU.Build.0 = Debug|Any CPU
		{7A904DAC-6018-47DF-9FC5-73CEA133C94B}.Release|Any CPU.ActiveCfg = Release|Any CPU
		{7A904DAC-6018-47DF-9FC5-73CEA133C94B}.Release|Any CPU.Build.0 = Release|Any CPU
	EndGlobalSection
	GlobalSection(SolutionProperties) = preSolution
		HideSolutionNode = FALSE
	EndGlobalSection
	GlobalSection(ExtensibilityGlobals) = postSolution
		SolutionGuid = {B86DF328-B5D0-46AF-87B1-EAB5CA506D7E}
	EndGlobalSection
EndGlobal
